
Microsoft Visual Studio Solution File, Format Version 12.00
# Visual Studio Version 17
VisualStudioVersion = 17.9.34616.47
MinimumVisualStudioVersion = 10.0.40219.1
Project("{9A19103F-16F7-4668-BE54-9A1E7A4F7556}") = "test", "test\test.csproj", "{69A15835-4C69-4CCF-9E01-E181B0EF3CBA}"
EndProject
Global
	GlobalSection(SolutionConfigurationPlatforms) = preSolution
		Debug|Any CPU = Debug|Any CPU
		Release|Any CPU = Release|Any CPU
	EndGlobalSection
	GlobalSection(ProjectConfigurationPlatforms) = postSolution
		{69A15835-4C69-4CCF-9E01-E181B0EF3CBA}.Debug|Any CPU.ActiveCfg = Debug|Any CPU
		{69A15835-4C69-4CCF-9E01-E181B0EF3CBA}.Debug|Any CPU.Build.0 = Debug|Any CPU
		{69A15835-4C69-4CCF-9E01-E181B0EF3CBA}.Release|Any CPU.ActiveCfg = Release|Any CPU
		{69A15835-4C69-4CCF-9E01-E181B0EF3CBA}.Release|Any CPU.Build.0 = Release|Any CPU
	EndGlobalSection
	GlobalSection(SolutionProperties) = preSolution
		HideSolutionNode = FALSE
	EndGlobalSection
	GlobalSection(ExtensibilityGlobals) = postSolution
		SolutionGuid = {63F242E5-B43B-45BA-AFE5-DD276100610D}
	EndGlobalSection
EndGlobal
